
Microsoft Visual Studio Solution File, Format Version 12.00
# Visual Studio Version 16
VisualStudioVersion = 16.0.30804.86
MinimumVisualStudioVersion = 10.0.40219.1
Project("{9A19103F-16F7-4668-BE54-9A1E7A4F7556}") = "Metotlar", "Metotlar\Metotlar.csproj", "{4F169E63-D687-4720-AAC0-AA924C0CDC92}"
EndProject
Project("{9A19103F-16F7-4668-BE54-9A1E7A4F7556}") = "Matematik", "Matematik\Matematik.csproj", "{6D1C2436-9718-44E9-8F86-5E5A83184C91}"
EndProject
Project("{9A19103F-16F7-4668-BE54-9A1E7A4F7556}") = "DegerVeReferansTipler", "DegerVeReferansTipler\DegerVeReferansTipler.csproj", "{ADC0E71C-48A2-487A-AC2C-8E220EBD1B26}"
EndProject
Project("{FAE04EC0-301F-11D3-BF4B-00C04F79EFBC}") = "Oop1", "Oop1\Oop1.csproj", "{22A1EB4B-AB87-48E8-99F4-2619588FE4D2}"
EndProject
Project("{FAE04EC0-301F-11D3-BF4B-00C04F79EFBC}") = "Collections", "Collections\Collections.csproj", "{23165A73-FC67-4354-8110-1AAD5D32FB8A}"
EndProject
Project("{FAE04EC0-301F-11D3-BF4B-00C04F79EFBC}") = "GenericsIntro", "GenericsIntro\GenericsIntro.csproj", "{EAFC6FB3-B320-4C6B-930B-297A4A29392E}"
EndProject
Global
	GlobalSection(SolutionConfigurationPlatforms) = preSolution
		Debug|Any CPU = Debug|Any CPU
		Release|Any CPU = Release|Any CPU
	EndGlobalSection
	GlobalSection(ProjectConfigurationPlatforms) = postSolution
		{4F169E63-D687-4720-AAC0-AA924C0CDC92}.Debug|Any CPU.ActiveCfg = Debug|Any CPU
		{4F169E63-D687-4720-AAC0-AA924C0CDC92}.Debug|Any CPU.Build.0 = Debug|Any CPU
		{4F169E63-D687-4720-AAC0-AA924C0CDC92}.Release|Any CPU.ActiveCfg = Release|Any CPU
		{4F169E63-D687-4720-AAC0-AA924C0CDC92}.Release|Any CPU.Build.0 = Release|Any CPU
		{6D1C2436-9718-44E9-8F86-5E5A83184C91}.Debug|Any CPU.ActiveCfg = Debug|Any CPU
		{6D1C2436-9718-44E9-8F86-5E5A83184C91}.Debug|Any CPU.Build.0 = Debug|Any CPU
		{6D1C2436-9718-44E9-8F86-5E5A83184C91}.Release|Any CPU.ActiveCfg = Release|Any CPU
		{6D1C2436-9718-44E9-8F86-5E5A83184C91}.Release|Any CPU.Build.0 = Release|Any CPU
		{ADC0E71C-48A2-487A-AC2C-8E220EBD1B26}.Debug|Any CPU.ActiveCfg = Debug|Any CPU
		{ADC0E71C-48A2-487A-AC2C-8E220EBD1B26}.Debug|Any CPU.Build.0 = Debug|Any CPU
		{ADC0E71C-48A2-487A-AC2C-8E220EBD1B26}.Release|Any CPU.ActiveCfg = Release|Any CPU
		{ADC0E71C-48A2-487A-AC2C-8E220EBD1B26}.Release|Any CPU.Build.0 = Release|Any CPU
		{22A1EB4B-AB87-48E8-99F4-2619588FE4D2}.Debug|Any CPU.ActiveCfg = Debug|Any CPU
		{22A1EB4B-AB87-48E8-99F4-2619588FE4D2}.Debug|Any CPU.Build.0 = Debug|Any CPU
		{22A1EB4B-AB87-48E8-99F4-2619588FE4D2}.Release|Any CPU.ActiveCfg = Release|Any CPU
		{22A1EB4B-AB87-48E8-99F4-2619588FE4D2}.Release|Any CPU.Build.0 = Release|Any CPU
		{23165A73-FC67-4354-8110-1AAD5D32FB8A}.Debug|Any CPU.ActiveCfg = Debug|Any CPU
		{23165A73-FC67-4354-8110-1AAD5D32FB8A}.Debug|Any CPU.Build.0 = Debug|Any CPU
		{23165A73-FC67-4354-8110-1AAD5D32FB8A}.Release|Any CPU.ActiveCfg = Release|Any CPU
		{23165A73-FC67-4354-8110-1AAD5D32FB8A}.Release|Any CPU.Build.0 = Release|Any CPU
		{EAFC6FB3-B320-4C6B-930B-297A4A29392E}.Debug|Any CPU.ActiveCfg = Debug|Any CPU
		{EAFC6FB3-B320-4C6B-930B-297A4A29392E}.Debug|Any CPU.Build.0 = Debug|Any CPU
		{EAFC6FB3-B320-4C6B-930B-297A4A29392E}.Release|Any CPU.ActiveCfg = Release|Any CPU
		{EAFC6FB3-B320-4C6B-930B-297A4A29392E}.Release|Any CPU.Build.0 = Release|Any CPU
	EndGlobalSection
	GlobalSection(SolutionProperties) = preSolution
		HideSolutionNode = FALSE
	EndGlobalSection
	GlobalSection(ExtensibilityGlobals) = postSolution
		SolutionGuid = {7F62EA46-8A2D-4174-8C4C-78474EA101C1}
	EndGlobalSection
EndGlobal
